{
    "version": 3,
    "terraform_version": "0.11.14",
    "serial": 2,
    "lineage": "f3dc1906-0019-d6ef-a8ab-aabebbed2947",
    "modules": [
        {
            "path": [
                "root"
            ],
            "outputs": {
                "container_name": {
                    "sensitive": false,
                    "type": "string",
                    "value": "stage_blog"
                },
                "ip_address": {
                    "sensitive": false,
                    "type": "string",
                    "value": "172.17.0.3"
                }
            },
            "resources": {},
            "depends_on": []
        },
        {
            "path": [
                "root",
                "container"
            ],
            "outputs": {
                "container_name": {
                    "sensitive": false,
                    "type": "string",
                    "value": "stage_blog"
                },
                "ip_address": {
                    "sensitive": false,
                    "type": "string",
                    "value": "172.17.0.3"
                }
            },
            "resources": {
                "docker_container.container_id": {
                    "type": "docker_container",
                    "depends_on": [],
                    "primary": {
                        "id": "4592cf927ba7c3bff5730ed194b7be08d3ff02e1cb344618cb744f9b80d2b099",
                        "attributes": {
                            "attach": "false",
                            "bridge": "",
                            "gateway": "172.17.0.1",
                            "id": "4592cf927ba7c3bff5730ed194b7be08d3ff02e1cb344618cb744f9b80d2b099",
                            "image": "sha256:baf6bf4db1ded5445db5d1df82424677bd25cf85f83ef83d0799def35c915481",
                            "ip_address": "172.17.0.3",
                            "ip_prefix_length": "16",
                            "log_driver": "json-file",
                            "logs": "false",
                            "must_run": "true",
                            "name": "stage_blog",
                            "network_data.#": "1",
                            "network_data.0.gateway": "172.17.0.1",
                            "network_data.0.ip_address": "172.17.0.3",
                            "network_data.0.ip_prefix_length": "16",
                            "network_data.0.network_name": "bridge",
                            "ports.#": "1",
                            "ports.0.external": "80",
                            "ports.0.internal": "2368",
                            "ports.0.ip": "0.0.0.0",
                            "ports.0.protocol": "tcp",
                            "restart": "no",
                            "rm": "false",
                            "start": "true"
                        },
                        "meta": {
                            "schema_version": "1"
                        },
                        "tainted": false
                    },
                    "deposed": [],
                    "provider": "provider.docker"
                }
            },
            "depends_on": []
        },
        {
            "path": [
                "root",
                "image"
            ],
            "outputs": {
                "image_out": {
                    "sensitive": false,
                    "type": "string",
                    "value": "sha256:baf6bf4db1ded5445db5d1df82424677bd25cf85f83ef83d0799def35c915481"
                }
            },
            "resources": {
                "docker_image.image_id": {
                    "type": "docker_image",
                    "depends_on": [],
                    "primary": {
                        "id": "sha256:baf6bf4db1ded5445db5d1df82424677bd25cf85f83ef83d0799def35c915481ghost:alpine",
                        "attributes": {
                            "id": "sha256:baf6bf4db1ded5445db5d1df82424677bd25cf85f83ef83d0799def35c915481ghost:alpine",
                            "latest": "sha256:baf6bf4db1ded5445db5d1df82424677bd25cf85f83ef83d0799def35c915481",
                            "name": "ghost:alpine"
                        },
                        "meta": {},
                        "tainted": false
                    },
                    "deposed": [],
                    "provider": "provider.docker"
                }
            },
            "depends_on": []
        }
    ]
}
